// !$*UTF8*$!
{
	archiveVersion = 1;
	classes = {
	};
	objectVersion = 56;
	objects = {

/* Begin PBXBuildFile section */
		7A555C072C69B864000A7AA7 /* AppDelegate.swift in Sources */ = {isa = PBXBuildFile; fileRef = 7A555C062C69B864000A7AA7 /* AppDelegate.swift */; };
		7A555C092C69B864000A7AA7 /* SceneDelegate.swift in Sources */ = {isa = PBXBuildFile; fileRef = 7A555C082C69B864000A7AA7 /* SceneDelegate.swift */; };
		7A555C0B2C69B864000A7AA7 /* ViewController.swift in Sources */ = {isa = PBXBuildFile; fileRef = 7A555C0A2C69B864000A7AA7 /* ViewController.swift */; };
		7A555C0E2C69B864000A7AA7 /* Main.storyboard in Resources */ = {isa = PBXBuildFile; fileRef = 7A555C0C2C69B864000A7AA7 /* Main.storyboard */; };
		7A555C102C69B866000A7AA7 /* Assets.xcassets in Resources */ = {isa = PBXBuildFile; fileRef = 7A555C0F2C69B866000A7AA7 /* Assets.xcassets */; };
		7A555C132C69B866000A7AA7 /* LaunchScreen.storyboard in Resources */ = {isa = PBXBuildFile; fileRef = 7A555C112C69B866000A7AA7 /* LaunchScreen.storyboard */; };
		DA07C7F592700C476D4E49D2 /* Pods_BRCBoxInputView_Swift.framework in Frameworks */ = {isa = PBXBuildFile; fileRef = B44285CE04CB8EFB67489BF5 /* Pods_BRCBoxInputView_Swift.framework */; };
/* End PBXBuildFile section */

/* Begin PBXFileReference section */
		05D63E8DB3E8EB710954D631 /* Pods-BRCBoxInputView_Swift.release.xcconfig */ = {isa = PBXFileReference; includeInIndex = 1; lastKnownFileType = text.xcconfig; name = "Pods-BRCBoxInputView_Swift.release.xcconfig"; path = "Target Support Files/Pods-BRCBoxInputView_Swift/Pods-BRCBoxInputView_Swift.release.xcconfig"; sourceTree = "<group>"; };
		7A555C032C69B864000A7AA7 /* BRCBoxInputView_Swift.app */ = {isa = PBXFileReference; explicitFileType = wrapper.application; includeInIndex = 0; path = BRCBoxInputView_Swift.app; sourceTree = BUILT_PRODUCTS_DIR; };
		7A555C062C69B864000A7AA7 /* AppDelegate.swift */ = {isa = PBXFileReference; lastKnownFileType = sourcecode.swift; path = AppDelegate.swift; sourceTree = "<group>"; };
		7A555C082C69B864000A7AA7 /* SceneDelegate.swift */ = {isa = PBXFileReference; lastKnownFileType = sourcecode.swift; path = SceneDelegate.swift; sourceTree = "<group>"; };
		7A555C0A2C69B864000A7AA7 /* ViewController.swift */ = {isa = PBXFileReference; lastKnownFileType = sourcecode.swift; path = ViewController.swift; sourceTree = "<group>"; };
		7A555C0D2C69B864000A7AA7 /* Base */ = {isa = PBXFileReference; lastKnownFileType = file.storyboard; name = Base; path = Base.lproj/Main.storyboard; sourceTree = "<group>"; };
		7A555C0F2C69B866000A7AA7 /* Assets.xcassets */ = {isa = PBXFileReference; lastKnownFileType = folder.assetcatalog; path = Assets.xcassets; sourceTree = "<group>"; };
		7A555C122C69B866000A7AA7 /* Base */ = {isa = PBXFileReference; lastKnownFileType = file.storyboard; name = Base; path = Base.lproj/LaunchScreen.storyboard; sourceTree = "<group>"; };
		7A555C142C69B866000A7AA7 /* Info.plist */ = {isa = PBXFileReference; lastKnownFileType = text.plist.xml; path = Info.plist; sourceTree = "<group>"; };
		9D3889E6582D11D4BD0E8F3A /* Pods-BRCBoxInputView_Swift.debug.xcconfig */ = {isa = PBXFileReference; includeInIndex = 1; lastKnownFileType = text.xcconfig; name = "Pods-BRCBoxInputView_Swift.debug.xcconfig"; path = "Target Support Files/Pods-BRCBoxInputView_Swift/Pods-BRCBoxInputView_Swift.debug.xcconfig"; sourceTree = "<group>"; };
		B44285CE04CB8EFB67489BF5 /* Pods_BRCBoxInputView_Swift.framework */ = {isa = PBXFileReference; explicitFileType = wrapper.framework; includeInIndex = 0; path = Pods_BRCBoxInputView_Swift.framework; sourceTree = BUILT_PRODUCTS_DIR; };
/* End PBXFileReference section */

/* Begin PBXFrameworksBuildPhase section */
		7A555C002C69B864000A7AA7 /* Frameworks */ = {
			isa = PBXFrameworksBuildPhase;
			buildActionMask = 2147483647;
			files = (
				DA07C7F592700C476D4E49D2 /* Pods_BRCBoxInputView_Swift.framework in Frameworks */,
			);
			runOnlyForDeploymentPostprocessing = 0;
		};
/* End PBXFrameworksBuildPhase section */

/* Begin PBXGroup section */
		78EC011B6F68115534A1B431 /* Frameworks */ = {
			isa = PBXGroup;
			children = (
				B44285CE04CB8EFB67489BF5 /* Pods_BRCBoxInputView_Swift.framework */,
			);
			name = Frameworks;
			sourceTree = "<group>";
		};
		7A555BFA2C69B863000A7AA7 = {
			isa = PBXGroup;
			children = (
				7A555C052C69B864000A7AA7 /* BRCBoxInputView_Swift */,
				7A555C042C69B864000A7AA7 /* Products */,
				C54FFA0C6CDD95BF46CA51D9 /* Pods */,
				78EC011B6F68115534A1B431 /* Frameworks */,
			);
			sourceTree = "<group>";
		};
		7A555C042C69B864000A7AA7 /* Products */ = {
			isa = PBXGroup;
			children = (
				7A555C032C69B864000A7AA7 /* BRCBoxInputView_Swift.app */,
			);
			name = Products;
			sourceTree = "<group>";
		};
		7A555C052C69B864000A7AA7 /* BRCBoxInputView_Swift */ = {
			isa = PBXGroup;
			children = (
				7A555C062C69B864000A7AA7 /* AppDelegate.swift */,
				7A555C082C69B864000A7AA7 /* SceneDelegate.swift */,
				7A555C0A2C69B864000A7AA7 /* ViewController.swift */,
				7A555C0C2C69B864000A7AA7 /* Main.storyboard */,
				7A555C0F2C69B866000A7AA7 /* Assets.xcassets */,
				7A555C112C69B866000A7AA7 /* LaunchScreen.storyboard */,
				7A555C142C69B866000A7AA7 /* Info.plist */,
			);
			path = BRCBoxInputView_Swift;
			sourceTree = "<group>";
		};
		C54FFA0C6CDD95BF46CA51D9 /* Pods */ = {
			isa = PBXGroup;
			children = (
				9D3889E6582D11D4BD0E8F3A /* Pods-BRCBoxInputView_Swift.debug.xcconfig */,
				05D63E8DB3E8EB710954D631 /* Pods-BRCBoxInputView_Swift.release.xcconfig */,
			);
			path = Pods;
			sourceTree = "<group>";
		};
/* End PBXGroup section */

/* Begin PBXNativeTarget section */
		7A555C022C69B864000A7AA7 /* BRCBoxInputView_Swift */ = {
			isa = PBXNativeTarget;
			buildConfigurationList = 7A555C172C69B866000A7AA7 /* Build configuration list for PBXNativeTarget "BRCBoxInputView_Swift" */;
			buildPhases = (
				A5C4FCDA01DCF2ACA1641DE5 /* [CP] Check Pods Manifest.lock */,
				7A555BFF2C69B864000A7AA7 /* Sources */,
				7A555C002C69B864000A7AA7 /* Frameworks */,
				7A555C012C69B864000A7AA7 /* Resources */,
				55A2AD26E0EAB29B0C7150EF /* [CP] Embed Pods Frameworks */,
			);
			buildRules = (
			);
			dependencies = (
			);
			name = BRCBoxInputView_Swift;
			productName = BRCBoxInputView_Swift;
			productReference = 7A555C032C69B864000A7AA7 /* BRCBoxInputView_Swift.app */;
			productType = "com.apple.product-type.application";
		};
/* End PBXNativeTarget section */

/* Begin PBXProject section */
		7A555BFB2C69B863000A7AA7 /* Project object */ = {
			isa = PBXProject;
			attributes = {
				BuildIndependentTargetsInParallel = 1;
				LastSwiftUpdateCheck = 1500;
				LastUpgradeCheck = 1500;
				TargetAttributes = {
					7A555C022C69B864000A7AA7 = {
						CreatedOnToolsVersion = 15.0;
					};
				};
			};
			buildConfigurationList = 7A555BFE2C69B863000A7AA7 /* Build configuration list for PBXProject "BRCBoxInputView_Swift" */;
			compatibilityVersion = "Xcode 14.0";
			developmentRegion = en;
			hasScannedForEncodings = 0;
			knownRegions = (
				en,
				Base,
			);
			mainGroup = 7A555BFA2C69B863000A7AA7;
			productRefGroup = 7A555C042C69B864000A7AA7 /* Products */;
			projectDirPath = "";
			projectRoot = "";
			targets = (
				7A555C022C69B864000A7AA7 /* BRCBoxInputView_Swift */,
			);
		};
/* End PBXProject section */

/* Begin PBXResourcesBuildPhase section */
		7A555C012C69B864000A7AA7 /* Resources */ = {
			isa = PBXResourcesBuildPhase;
			buildActionMask = 2147483647;
			files = (
				7A555C132C69B866000A7AA7 /* LaunchScreen.storyboard in Resources */,
				7A555C102C69B866000A7AA7 /* Assets.xcassets in Resources */,
				7A555C0E2C69B864000A7AA7 /* Main.storyboard in Resources */,
			);
			runOnlyForDeploymentPostprocessing = 0;
		};
/* End PBXResourcesBuildPhase section */

/* Begin PBXShellScriptBuildPhase section */
		55A2AD26E0EAB29B0C7150EF /* [CP] Embed Pods Frameworks */ = {
			isa = PBXShellScriptBuildPhase;
			buildActionMask = 2147483647;
			files = (
			);
			inputFileListPaths = (
				"${PODS_ROOT}/Target Support Files/Pods-BRCBoxInputView_Swift/Pods-BRCBoxInputView_Swift-frameworks-${CONFIGURATION}-input-files.xcfilelist",
			);
			name = "[CP] Embed Pods Frameworks";
			outputFileListPaths = (
				"${PODS_ROOT}/Target Support Files/Pods-BRCBoxInputView_Swift/Pods-BRCBoxInputView_Swift-frameworks-${CONFIGURATION}-output-files.xcfilelist",
			);
			runOnlyForDeploymentPostprocessing = 0;
			shellPath = /bin/sh;
			shellScript = "\"${PODS_ROOT}/Target Support Files/Pods-BRCBoxInputView_Swift/Pods-BRCBoxInputView_Swift-frameworks.sh\"\n";
			showEnvVarsInLog = 0;
		};
		A5C4FCDA01DCF2ACA1641DE5 /* [CP] Check Pods Manifest.lock */ = {
			isa = PBXShellScriptBuildPhase;
			buildActionMask = 2147483647;
			files = (
			);
			inputFileListPaths = (
			);
			inputPaths = (
				"${PODS_PODFILE_DIR_PATH}/Podfile.lock",
				"${PODS_ROOT}/Manifest.lock",
			);
			name = "[CP] Check Pods Manifest.lock";
			outputFileListPaths = (
			);
			outputPaths = (
				"$(DERIVED_FILE_DIR)/Pods-BRCBoxInputView_Swift-checkManifestLockResult.txt",
			);
			runOnlyForDeploymentPostprocessing = 0;
			shellPath = /bin/sh;
			shellScript = "diff \"${PODS_PODFILE_DIR_PATH}/Podfile.lock\" \"${PODS_ROOT}/Manifest.lock\" > /dev/null\nif [ $? != 0 ] ; then\n    # print error to STDERR\n    echo \"error: The sandbox is not in sync with the Podfile.lock. Run 'pod install' or update your CocoaPods installation.\" >&2\n    exit 1\nfi\n# This output is used by Xcode 'outputs' to avoid re-running this script phase.\necho \"SUCCESS\" > \"${SCRIPT_OUTPUT_FILE_0}\"\n";
			showEnvVarsInLog = 0;
		};
/* End PBXShellScriptBuildPhase section */

/* Begin PBXSourcesBuildPhase section */
		7A555BFF2C69B864000A7AA7 /* Sources */ = {
			isa = PBXSourcesBuildPhase;
			buildActionMask = 2147483647;
			files = (
				7A555C0B2C69B864000A7AA7 /* ViewController.swift in Sources */,
				7A555C072C69B864000A7AA7 /* AppDelegate.swift in Sources */,
				7A555C092C69B864000A7AA7 /* SceneDelegate.swift in Sources */,
			);
			runOnlyForDeploymentPostprocessing = 0;
		};
/* End PBXSourcesBuildPhase section */

/* Begin PBXVariantGroup section */
		7A555C0C2C69B864000A7AA7 /* Main.storyboard */ = {
			isa = PBXVariantGroup;
			children = (
				7A555C0D2C69B864000A7AA7 /* Base */,
			);
			name = Main.storyboard;
			sourceTree = "<group>";
		};
		7A555C112C69B866000A7AA7 /* LaunchScreen.storyboard */ = {
			isa = PBXVariantGroup;
			children = (
				7A555C122C69B866000A7AA7 /* Base */,
			);
			name = LaunchScreen.storyboard;
			sourceTree = "<group>";
		};
/* End PBXVariantGroup section */

/* Begin XCBuildConfiguration section */
		7A555C152C69B866000A7AA7 /* Debug */ = {
			isa = XCBuildConfiguration;
			buildSettings = {
				ALWAYS_SEARCH_USER_PATHS = NO;
				ASSETCATALOG_COMPILER_GENERATE_SWIFT_ASSET_SYMBOL_EXTENSIONS = YES;
				CLANG_ANALYZER_NONNULL = YES;
				CLANG_ANALYZER_NUMBER_OBJECT_CONVERSION = YES_AGGRESSIVE;
				CLANG_CXX_LANGUAGE_STANDARD = "gnu++20";
				CLANG_ENABLE_MODULES = YES;
				CLANG_ENABLE_OBJC_ARC = YES;
				CLANG_ENABLE_OBJC_WEAK = YES;
				CLANG_WARN_BLOCK_CAPTURE_AUTORELEASING = YES;
				CLANG_WARN_BOOL_CONVERSION = YES;
				CLANG_WARN_COMMA = YES;
				CLANG_WARN_CONSTANT_CONVERSION = YES;
				CLANG_WARN_DEPRECATED_OBJC_IMPLEMENTATIONS = YES;
				CLANG_WARN_DIRECT_OBJC_ISA_USAGE = YES_ERROR;
				CLANG_WARN_DOCUMENTATION_COMMENTS = YES;
				CLANG_WARN_EMPTY_BODY = YES;
				CLANG_WARN_ENUM_CONVERSION = YES;
				CLANG_WARN_INFINITE_RECURSION = YES;
				CLANG_WARN_INT_CONVERSION = YES;
				CLANG_WARN_NON_LITERAL_NULL_CONVERSION = YES;
				CLANG_WARN_OBJC_IMPLICIT_RETAIN_SELF = YES;
				CLANG_WARN_OBJC_LITERAL_CONVERSION = YES;
				CLANG_WARN_OBJC_ROOT_CLASS = YES_ERROR;
				CLANG_WARN_QUOTED_INCLUDE_IN_FRAMEWORK_HEADER = YES;
				CLANG_WARN_RANGE_LOOP_ANALYSIS = YES;
				CLANG_WARN_STRICT_PROTOTYPES = YES;
				CLANG_WARN_SUSPICIOUS_MOVE = YES;
				CLANG_WARN_UNGUARDED_AVAILABILITY = YES_AGGRESSIVE;
				CLANG_WARN_UNREACHABLE_CODE = YES;
				CLANG_WARN__DUPLICATE_METHOD_MATCH = YES;
				COPY_PHASE_STRIP = NO;
				DEBUG_INFORMATION_FORMAT = dwarf;
				ENABLE_STRICT_OBJC_MSGSEND = YES;
				ENABLE_TESTABILITY = YES;
				ENABLE_USER_SCRIPT_SANDBOXING = YES;
				GCC_C_LANGUAGE_STANDARD = gnu17;
				GCC_DYNAMIC_NO_PIC = NO;
				GCC_NO_COMMON_BLOCKS = YES;
				GCC_OPTIMIZATION_LEVEL = 0;
				GCC_PREPROCESSOR_DEFINITIONS = (
					"DEBUG=1",
					"$(inherited)",
				);
				GCC_WARN_64_TO_32_BIT_CONVERSION = YES;
				GCC_WARN_ABOUT_RETURN_TYPE = YES_ERROR;
				GCC_WARN_UNDECLARED_SELECTOR = YES;
				GCC_WARN_UNINITIALIZED_AUTOS = YES_AGGRESSIVE;
				GCC_WARN_UNUSED_FUNCTION = YES;
				GCC_WARN_UNUSED_VARIABLE = YES;
				IPHONEOS_DEPLOYMENT_TARGET = 17.0;
				LOCALIZATION_PREFERS_STRING_CATALOGS = YES;
				MTL_ENABLE_DEBUG_INFO = INCLUDE_SOURCE;
				MTL_FAST_MATH = YES;
				ONLY_ACTIVE_ARCH = YES;
				SDKROOT = iphoneos;
				SWIFT_ACTIVE_COMPILATION_CONDITIONS = "DEBUG $(inherited)";
				SWIFT_OPTIMIZATION_LEVEL = "-Onone";
			};
			name = Debug;
		};
		7A555C162C69B866000A7AA7 /* Release */ = {
			isa = XCBuildConfiguration;
			buildSettings = {
				ALWAYS_SEARCH_USER_PATHS = NO;
				ASSETCATALOG_COMPILER_GENERATE_SWIFT_ASSET_SYMBOL_EXTENSIONS = YES;
				CLANG_ANALYZER_NONNULL = YES;
				CLANG_ANALYZER_NUMBER_OBJECT_CONVERSION = YES_AGGRESSIVE;
				CLANG_CXX_LANGUAGE_STANDARD = "gnu++20";
				CLANG_ENABLE_MODULES = YES;
				CLANG_ENABLE_OBJC_ARC = YES;
				CLANG_ENABLE_OBJC_WEAK = YES;
				CLANG_WARN_BLOCK_CAPTURE_AUTORELEASING = YES;
				CLANG_WARN_BOOL_CONVERSION = YES;
				CLANG_WARN_COMMA = YES;
				CLANG_WARN_CONSTANT_CONVERSION = YES;
				CLANG_WARN_DEPRECATED_OBJC_IMPLEMENTATIONS = YES;
				CLANG_WARN_DIRECT_OBJC_ISA_USAGE = YES_ERROR;
				CLANG_WARN_DOCUMENTATION_COMMENTS = YES;
				CLANG_WARN_EMPTY_BODY = YES;
				CLANG_WARN_ENUM_CONVERSION = YES;
				CLANG_WARN_INFINITE_RECURSION = YES;
				CLANG_WARN_INT_CONVERSION = YES;
				CLANG_WARN_NON_LITERAL_NULL_CONVERSION = YES;
				CLANG_WARN_OBJC_IMPLICIT_RETAIN_SELF = YES;
				CLANG_WARN_OBJC_LITERAL_CONVERSION = YES;
				CLANG_WARN_OBJC_ROOT_CLASS = YES_ERROR;
				CLANG_WARN_QUOTED_INCLUDE_IN_FRAMEWORK_HEADER = YES;
				CLANG_WARN_RANGE_LOOP_ANALYSIS = YES;
				CLANG_WARN_STRICT_PROTOTYPES = YES;
				CLANG_WARN_SUSPICIOUS_MOVE = YES;
				CLANG_WARN_UNGUARDED_AVAILABILITY = YES_AGGRESSIVE;
				CLANG_WARN_UNREACHABLE_CODE = YES;
				CLANG_WARN__DUPLICATE_METHOD_MATCH = YES;
				COPY_PHASE_STRIP = NO;
				DEBUG_INFORMATION_FORMAT = "dwarf-with-dsym";
				ENABLE_NS_ASSERTIONS = NO;
				ENABLE_STRICT_OBJC_MSGSEND = YES;
				ENABLE_USER_SCRIPT_SANDBOXING = YES;
				GCC_C_LANGUAGE_STANDARD = gnu17;
				GCC_NO_COMMON_BLOCKS = YES;
				GCC_WARN_64_TO_32_BIT_CONVERSION = YES;
				GCC_WARN_ABOUT_RETURN_TYPE = YES_ERROR;
				GCC_WARN_UNDECLARED_SELECTOR = YES;
				GCC_WARN_UNINITIALIZED_AUTOS = YES_AGGRESSIVE;
				GCC_WARN_UNUSED_FUNCTION = YES;
				GCC_WARN_UNUSED_VARIABLE = YES;
				IPHONEOS_DEPLOYMENT_TARGET = 17.0;
				LOCALIZATION_PREFERS_STRING_CATALOGS = YES;
				MTL_ENABLE_DEBUG_INFO = NO;
				MTL_FAST_MATH = YES;
				SDKROOT = iphoneos;
				SWIFT_COMPILATION_MODE = wholemodule;
				VALIDATE_PRODUCT = YES;
			};
			name = Release;
		};
		7A555C182C69B866000A7AA7 /* Debug */ = {
			isa = XCBuildConfiguration;
			baseConfigurationReference = 9D3889E6582D11D4BD0E8F3A /* Pods-BRCBoxInputView_Swift.debug.xcconfig */;
			buildSettings = {
				ASSETCATALOG_COMPILER_APPICON_NAME = AppIcon;
				ASSETCATALOG_COMPILER_GLOBAL_ACCENT_COLOR_NAME = AccentColor;
				CODE_SIGN_STYLE = Automatic;
				CURRENT_PROJECT_VERSION = 1;
				DEVELOPMENT_TEAM = TR8685W29A;
				ENABLE_USER_SCRIPT_SANDBOXING = NO;
				GENERATE_INFOPLIST_FILE = YES;
				INFOPLIST_FILE = BRCBoxInputView_Swift/Info.plist;
				INFOPLIST_KEY_UIApplicationSupportsIndirectInputEvents = YES;
				INFOPLIST_KEY_UILaunchStoryboardName = LaunchScreen;
				INFOPLIST_KEY_UISupportedInterfaceOrientations_iPad = "UIInterfaceOrientationPortrait UIInterfaceOrientationPortraitUpsideDown UIInterfaceOrientationLandscapeLeft UIInterfaceOrientationLandscapeRight";
				INFOPLIST_KEY_UISupportedInterfaceOrientations_iPhone = "UIInterfaceOrientationPortrait UIInterfaceOrientationLandscapeLeft UIInterfaceOrientationLandscapeRight";
				LD_RUNPATH_SEARCH_PATHS = (
					"$(inherited)",
					"@executable_path/Frameworks",
				);
				MARKETING_VERSION = 1.0;
				PRODUCT_BUNDLE_IDENTIFIER = "jaychou.BRCBoxInputView-Swift";
				PRODUCT_NAME = "$(TARGET_NAME)";
				SWIFT_EMIT_LOC_STRINGS = YES;
				SWIFT_VERSION = 5.0;
				TARGETED_DEVICE_FAMILY = "1,2";
			};
			name = Debug;
		};
		7A555C192C69B866000A7AA7 /* Release */ = {
			isa = XCBuildConfiguration;
			baseConfigurationReference = 05D63E8DB3E8EB710954D631 /* Pods-BRCBoxInputView_Swift.release.xcconfig */;
			buildSettings = {
				ASSETCATALOG_COMPILER_APPICON_NAME = AppIcon;
				ASSETCATALOG_COMPILER_GLOBAL_ACCENT_COLOR_NAME = AccentColor;
				CODE_SIGN_STYLE = Automatic;
				CURRENT_PROJECT_VERSION = 1;
				DEVELOPMENT_TEAM = TR8685W29A;
				ENABLE_USER_SCRIPT_SANDBOXING = NO;
				GENERATE_INFOPLIST_FILE = YES;
				INFOPLIST_FILE = BRCBoxInputView_Swift/Info.plist;
				INFOPLIST_KEY_UIApplicationSupportsIndirectInputEvents = YES;
				INFOPLIST_KEY_UILaunchStoryboardName = LaunchScreen;
				INFOPLIST_KEY_UISupportedInterfaceOrientations_iPad = "UIInterfaceOrientationPortrait UIInterfaceOrientationPortraitUpsideDown UIInterfaceOrientationLandscapeLeft UIInterfaceOrientationLandscapeRight";
				INFOPLIST_KEY_UISupportedInterfaceOrientations_iPhone = "UIInterfaceOrientationPortrait UIInterfaceOrientationLandscapeLeft UIInterfaceOrientationLandscapeRight";
				LD_RUNPATH_SEARCH_PATHS = (
					"$(inherited)",
					"@executable_path/Frameworks",
				);
				MARKETING_VERSION = 1.0;
				PRODUCT_BUNDLE_IDENTIFIER = "jaychou.BRCBoxInputView-Swift";
				PRODUCT_NAME = "$(TARGET_NAME)";
				SWIFT_EMIT_LOC_STRINGS = YES;
				SWIFT_VERSION = 5.0;
				TARGETED_DEVICE_FAMILY = "1,2";
			};
			name = Release;
		};
/* End XCBuildConfiguration section */

/* Begin XCConfigurationList section */
		7A555BFE2C69B863000A7AA7 /* Build configuration list for PBXProject "BRCBoxInputView_Swift" */ = {
			isa = XCConfigurationList;
			buildConfigurations = (
				7A555C152C69B866000A7AA7 /* Debug */,
				7A555C162C69B866000A7AA7 /* Release */,
			);
			defaultConfigurationIsVisible = 0;
			defaultConfigurationName = Release;
		};
		7A555C172C69B866000A7AA7 /* Build configuration list for PBXNativeTarget "BRCBoxInputView_Swift" */ = {
			isa = XCConfigurationList;
			buildConfigurations = (
				7A555C182C69B866000A7AA7 /* Debug */,
				7A555C192C69B866000A7AA7 /* Release */,
			);
			defaultConfigurationIsVisible = 0;
			defaultConfigurationName = Release;
		};
/* End XCConfigurationList section */
	};
	rootObject = 7A555BFB2C69B863000A7AA7 /* Project object */;
}
