// !$*UTF8*$!
{
	archiveVersion = 1;
	classes = {
	};
	objectVersion = 56;
	objects = {

/* Begin PBXBuildFile section */
		5253ADC151E99AC6891C4A86 /* Pods_BRCBoxInputView_SwiftUI.framework in Frameworks */ = {isa = PBXBuildFile; fileRef = FF202D09BDB8C3FFA3CA1521 /* Pods_BRCBoxInputView_SwiftUI.framework */; };
		7A1DBAFC2C6FA0EB00815DC0 /* CustomContentView.swift in Sources */ = {isa = PBXBuildFile; fileRef = 7A1DBAFB2C6FA0EB00815DC0 /* CustomContentView.swift */; };
		7A9F792F2C6E413C00278356 /* BRCBoxInputView_SwiftUIApp.swift in Sources */ = {isa = PBXBuildFile; fileRef = 7A9F792E2C6E413C00278356 /* BRCBoxInputView_SwiftUIApp.swift */; };
		7A9F79312C6E413C00278356 /* MainView.swift in Sources */ = {isa = PBXBuildFile; fileRef = 7A9F79302C6E413C00278356 /* MainView.swift */; };
		7A9F79332C6E413E00278356 /* Assets.xcassets in Resources */ = {isa = PBXBuildFile; fileRef = 7A9F79322C6E413E00278356 /* Assets.xcassets */; };
		7A9F79362C6E413E00278356 /* Preview Assets.xcassets in Resources */ = {isa = PBXBuildFile; fileRef = 7A9F79352C6E413E00278356 /* Preview Assets.xcassets */; };
		7A9F79402C6F40B200278356 /* ContentView.swift in Sources */ = {isa = PBXBuildFile; fileRef = 7A9F793F2C6F40B200278356 /* ContentView.swift */; };
/* End PBXBuildFile section */

/* Begin PBXFileReference section */
		5E551FAF3410B66EF7EFC391 /* Pods-BRCBoxInputView_SwiftUI.debug.xcconfig */ = {isa = PBXFileReference; includeInIndex = 1; lastKnownFileType = text.xcconfig; name = "Pods-BRCBoxInputView_SwiftUI.debug.xcconfig"; path = "Target Support Files/Pods-BRCBoxInputView_SwiftUI/Pods-BRCBoxInputView_SwiftUI.debug.xcconfig"; sourceTree = "<group>"; };
		7A1DBAFB2C6FA0EB00815DC0 /* CustomContentView.swift */ = {isa = PBXFileReference; lastKnownFileType = sourcecode.swift; path = CustomContentView.swift; sourceTree = "<group>"; };
		7A9F792B2C6E413C00278356 /* BRCBoxInputView_SwiftUI.app */ = {isa = PBXFileReference; explicitFileType = wrapper.application; includeInIndex = 0; path = BRCBoxInputView_SwiftUI.app; sourceTree = BUILT_PRODUCTS_DIR; };
		7A9F792E2C6E413C00278356 /* BRCBoxInputView_SwiftUIApp.swift */ = {isa = PBXFileReference; lastKnownFileType = sourcecode.swift; path = BRCBoxInputView_SwiftUIApp.swift; sourceTree = "<group>"; };
		7A9F79302C6E413C00278356 /* MainView.swift */ = {isa = PBXFileReference; lastKnownFileType = sourcecode.swift; path = MainView.swift; sourceTree = "<group>"; };
		7A9F79322C6E413E00278356 /* Assets.xcassets */ = {isa = PBXFileReference; lastKnownFileType = folder.assetcatalog; path = Assets.xcassets; sourceTree = "<group>"; };
		7A9F79352C6E413E00278356 /* Preview Assets.xcassets */ = {isa = PBXFileReference; lastKnownFileType = folder.assetcatalog; path = "Preview Assets.xcassets"; sourceTree = "<group>"; };
		7A9F793F2C6F40B200278356 /* ContentView.swift */ = {isa = PBXFileReference; lastKnownFileType = sourcecode.swift; path = ContentView.swift; sourceTree = "<group>"; };
		A0A61A4573D48CB928F09ADA /* Pods-BRCBoxInputView_SwiftUI.release.xcconfig */ = {isa = PBXFileReference; includeInIndex = 1; lastKnownFileType = text.xcconfig; name = "Pods-BRCBoxInputView_SwiftUI.release.xcconfig"; path = "Target Support Files/Pods-BRCBoxInputView_SwiftUI/Pods-BRCBoxInputView_SwiftUI.release.xcconfig"; sourceTree = "<group>"; };
		FF202D09BDB8C3FFA3CA1521 /* Pods_BRCBoxInputView_SwiftUI.framework */ = {isa = PBXFileReference; explicitFileType = wrapper.framework; includeInIndex = 0; path = Pods_BRCBoxInputView_SwiftUI.framework; sourceTree = BUILT_PRODUCTS_DIR; };
/* End PBXFileReference section */

/* Begin PBXFrameworksBuildPhase section */
		7A9F79282C6E413C00278356 /* Frameworks */ = {
			isa = PBXFrameworksBuildPhase;
			buildActionMask = 2147483647;
			files = (
				5253ADC151E99AC6891C4A86 /* Pods_BRCBoxInputView_SwiftUI.framework in Frameworks */,
			);
			runOnlyForDeploymentPostprocessing = 0;
		};
/* End PBXFrameworksBuildPhase section */

/* Begin PBXGroup section */
		67A4A927BFF391DDF1C1471C /* Frameworks */ = {
			isa = PBXGroup;
			children = (
				FF202D09BDB8C3FFA3CA1521 /* Pods_BRCBoxInputView_SwiftUI.framework */,
			);
			name = Frameworks;
			sourceTree = "<group>";
		};
		7A9F79222C6E413C00278356 = {
			isa = PBXGroup;
			children = (
				7A9F792D2C6E413C00278356 /* BRCBoxInputView_SwiftUI */,
				7A9F792C2C6E413C00278356 /* Products */,
				D55B3E7CBD14D65F97B97E20 /* Pods */,
				67A4A927BFF391DDF1C1471C /* Frameworks */,
			);
			sourceTree = "<group>";
		};
		7A9F792C2C6E413C00278356 /* Products */ = {
			isa = PBXGroup;
			children = (
				7A9F792B2C6E413C00278356 /* BRCBoxInputView_SwiftUI.app */,
			);
			name = Products;
			sourceTree = "<group>";
		};
		7A9F792D2C6E413C00278356 /* BRCBoxInputView_SwiftUI */ = {
			isa = PBXGroup;
			children = (
				7A9F792E2C6E413C00278356 /* BRCBoxInputView_SwiftUIApp.swift */,
				7A9F79302C6E413C00278356 /* MainView.swift */,
				7A9F793F2C6F40B200278356 /* ContentView.swift */,
				7A1DBAFB2C6FA0EB00815DC0 /* CustomContentView.swift */,
				7A9F79322C6E413E00278356 /* Assets.xcassets */,
				7A9F79342C6E413E00278356 /* Preview Content */,
			);
			path = BRCBoxInputView_SwiftUI;
			sourceTree = "<group>";
		};
		7A9F79342C6E413E00278356 /* Preview Content */ = {
			isa = PBXGroup;
			children = (
				7A9F79352C6E413E00278356 /* Preview Assets.xcassets */,
			);
			path = "Preview Content";
			sourceTree = "<group>";
		};
		D55B3E7CBD14D65F97B97E20 /* Pods */ = {
			isa = PBXGroup;
			children = (
				5E551FAF3410B66EF7EFC391 /* Pods-BRCBoxInputView_SwiftUI.debug.xcconfig */,
				A0A61A4573D48CB928F09ADA /* Pods-BRCBoxInputView_SwiftUI.release.xcconfig */,
			);
			path = Pods;
			sourceTree = "<group>";
		};
/* End PBXGroup section */

/* Begin PBXNativeTarget section */
		7A9F792A2C6E413C00278356 /* BRCBoxInputView_SwiftUI */ = {
			isa = PBXNativeTarget;
			buildConfigurationList = 7A9F79392C6E413E00278356 /* Build configuration list for PBXNativeTarget "BRCBoxInputView_SwiftUI" */;
			buildPhases = (
				8B12DCB4334C8DF0CA743348 /* [CP] Check Pods Manifest.lock */,
				7A9F79272C6E413C00278356 /* Sources */,
				7A9F79282C6E413C00278356 /* Frameworks */,
				7A9F79292C6E413C00278356 /* Resources */,
				086C3D3D57F4A399040DC0B4 /* [CP] Embed Pods Frameworks */,
			);
			buildRules = (
			);
			dependencies = (
			);
			name = BRCBoxInputView_SwiftUI;
			productName = BRCBoxInputView_SwiftUI;
			productReference = 7A9F792B2C6E413C00278356 /* BRCBoxInputView_SwiftUI.app */;
			productType = "com.apple.product-type.application";
		};
/* End PBXNativeTarget section */

/* Begin PBXProject section */
		7A9F79232C6E413C00278356 /* Project object */ = {
			isa = PBXProject;
			attributes = {
				BuildIndependentTargetsInParallel = 1;
				LastSwiftUpdateCheck = 1500;
				LastUpgradeCheck = 1500;
				TargetAttributes = {
					7A9F792A2C6E413C00278356 = {
						CreatedOnToolsVersion = 15.0;
					};
				};
			};
			buildConfigurationList = 7A9F79262C6E413C00278356 /* Build configuration list for PBXProject "BRCBoxInputView_SwiftUI" */;
			compatibilityVersion = "Xcode 14.0";
			developmentRegion = en;
			hasScannedForEncodings = 0;
			knownRegions = (
				en,
				Base,
			);
			mainGroup = 7A9F79222C6E413C00278356;
			productRefGroup = 7A9F792C2C6E413C00278356 /* Products */;
			projectDirPath = "";
			projectRoot = "";
			targets = (
				7A9F792A2C6E413C00278356 /* BRCBoxInputView_SwiftUI */,
			);
		};
/* End PBXProject section */

/* Begin PBXResourcesBuildPhase section */
		7A9F79292C6E413C00278356 /* Resources */ = {
			isa = PBXResourcesBuildPhase;
			buildActionMask = 2147483647;
			files = (
				7A9F79362C6E413E00278356 /* Preview Assets.xcassets in Resources */,
				7A9F79332C6E413E00278356 /* Assets.xcassets in Resources */,
			);
			runOnlyForDeploymentPostprocessing = 0;
		};
/* End PBXResourcesBuildPhase section */

/* Begin PBXShellScriptBuildPhase section */
		086C3D3D57F4A399040DC0B4 /* [CP] Embed Pods Frameworks */ = {
			isa = PBXShellScriptBuildPhase;
			buildActionMask = 2147483647;
			files = (
			);
			inputFileListPaths = (
				"${PODS_ROOT}/Target Support Files/Pods-BRCBoxInputView_SwiftUI/Pods-BRCBoxInputView_SwiftUI-frameworks-${CONFIGURATION}-input-files.xcfilelist",
			);
			name = "[CP] Embed Pods Frameworks";
			outputFileListPaths = (
				"${PODS_ROOT}/Target Support Files/Pods-BRCBoxInputView_SwiftUI/Pods-BRCBoxInputView_SwiftUI-frameworks-${CONFIGURATION}-output-files.xcfilelist",
			);
			runOnlyForDeploymentPostprocessing = 0;
			shellPath = /bin/sh;
			shellScript = "\"${PODS_ROOT}/Target Support Files/Pods-BRCBoxInputView_SwiftUI/Pods-BRCBoxInputView_SwiftUI-frameworks.sh\"\n";
			showEnvVarsInLog = 0;
		};
		8B12DCB4334C8DF0CA743348 /* [CP] Check Pods Manifest.lock */ = {
			isa = PBXShellScriptBuildPhase;
			buildActionMask = 2147483647;
			files = (
			);
			inputFileListPaths = (
			);
			inputPaths = (
				"${PODS_PODFILE_DIR_PATH}/Podfile.lock",
				"${PODS_ROOT}/Manifest.lock",
			);
			name = "[CP] Check Pods Manifest.lock";
			outputFileListPaths = (
			);
			outputPaths = (
				"$(DERIVED_FILE_DIR)/Pods-BRCBoxInputView_SwiftUI-checkManifestLockResult.txt",
			);
			runOnlyForDeploymentPostprocessing = 0;
			shellPath = /bin/sh;
			shellScript = "diff \"${PODS_PODFILE_DIR_PATH}/Podfile.lock\" \"${PODS_ROOT}/Manifest.lock\" > /dev/null\nif [ $? != 0 ] ; then\n    # print error to STDERR\n    echo \"error: The sandbox is not in sync with the Podfile.lock. Run 'pod install' or update your CocoaPods installation.\" >&2\n    exit 1\nfi\n# This output is used by Xcode 'outputs' to avoid re-running this script phase.\necho \"SUCCESS\" > \"${SCRIPT_OUTPUT_FILE_0}\"\n";
			showEnvVarsInLog = 0;
		};
/* End PBXShellScriptBuildPhase section */

/* Begin PBXSourcesBuildPhase section */
		7A9F79272C6E413C00278356 /* Sources */ = {
			isa = PBXSourcesBuildPhase;
			buildActionMask = 2147483647;
			files = (
				7A9F79312C6E413C00278356 /* MainView.swift in Sources */,
				7A9F792F2C6E413C00278356 /* BRCBoxInputView_SwiftUIApp.swift in Sources */,
				7A9F79402C6F40B200278356 /* ContentView.swift in Sources */,
				7A1DBAFC2C6FA0EB00815DC0 /* CustomContentView.swift in Sources */,
			);
			runOnlyForDeploymentPostprocessing = 0;
		};
/* End PBXSourcesBuildPhase section */

/* Begin XCBuildConfiguration section */
		7A9F79372C6E413E00278356 /* Debug */ = {
			isa = XCBuildConfiguration;
			buildSettings = {
				ALWAYS_SEARCH_USER_PATHS = NO;
				ASSETCATALOG_COMPILER_GENERATE_SWIFT_ASSET_SYMBOL_EXTENSIONS = YES;
				CLANG_ANALYZER_NONNULL = YES;
				CLANG_ANALYZER_NUMBER_OBJECT_CONVERSION = YES_AGGRESSIVE;
				CLANG_CXX_LANGUAGE_STANDARD = "gnu++20";
				CLANG_ENABLE_MODULES = YES;
				CLANG_ENABLE_OBJC_ARC = YES;
				CLANG_ENABLE_OBJC_WEAK = YES;
				CLANG_WARN_BLOCK_CAPTURE_AUTORELEASING = YES;
				CLANG_WARN_BOOL_CONVERSION = YES;
				CLANG_WARN_COMMA = YES;
				CLANG_WARN_CONSTANT_CONVERSION = YES;
				CLANG_WARN_DEPRECATED_OBJC_IMPLEMENTATIONS = YES;
				CLANG_WARN_DIRECT_OBJC_ISA_USAGE = YES_ERROR;
				CLANG_WARN_DOCUMENTATION_COMMENTS = YES;
				CLANG_WARN_EMPTY_BODY = YES;
				CLANG_WARN_ENUM_CONVERSION = YES;
				CLANG_WARN_INFINITE_RECURSION = YES;
				CLANG_WARN_INT_CONVERSION = YES;
				CLANG_WARN_NON_LITERAL_NULL_CONVERSION = YES;
				CLANG_WARN_OBJC_IMPLICIT_RETAIN_SELF = YES;
				CLANG_WARN_OBJC_LITERAL_CONVERSION = YES;
				CLANG_WARN_OBJC_ROOT_CLASS = YES_ERROR;
				CLANG_WARN_QUOTED_INCLUDE_IN_FRAMEWORK_HEADER = YES;
				CLANG_WARN_RANGE_LOOP_ANALYSIS = YES;
				CLANG_WARN_STRICT_PROTOTYPES = YES;
				CLANG_WARN_SUSPICIOUS_MOVE = YES;
				CLANG_WARN_UNGUARDED_AVAILABILITY = YES_AGGRESSIVE;
				CLANG_WARN_UNREACHABLE_CODE = YES;
				CLANG_WARN__DUPLICATE_METHOD_MATCH = YES;
				COPY_PHASE_STRIP = NO;
				DEBUG_INFORMATION_FORMAT = dwarf;
				ENABLE_STRICT_OBJC_MSGSEND = YES;
				ENABLE_TESTABILITY = YES;
				ENABLE_USER_SCRIPT_SANDBOXING = NO;
				GCC_C_LANGUAGE_STANDARD = gnu17;
				GCC_DYNAMIC_NO_PIC = NO;
				GCC_NO_COMMON_BLOCKS = YES;
				GCC_OPTIMIZATION_LEVEL = 0;
				GCC_PREPROCESSOR_DEFINITIONS = (
					"DEBUG=1",
					"$(inherited)",
				);
				GCC_WARN_64_TO_32_BIT_CONVERSION = YES;
				GCC_WARN_ABOUT_RETURN_TYPE = YES_ERROR;
				GCC_WARN_UNDECLARED_SELECTOR = YES;
				GCC_WARN_UNINITIALIZED_AUTOS = YES_AGGRESSIVE;
				GCC_WARN_UNUSED_FUNCTION = YES;
				GCC_WARN_UNUSED_VARIABLE = YES;
				IPHONEOS_DEPLOYMENT_TARGET = 17.0;
				LOCALIZATION_PREFERS_STRING_CATALOGS = YES;
				MTL_ENABLE_DEBUG_INFO = INCLUDE_SOURCE;
				MTL_FAST_MATH = YES;
				ONLY_ACTIVE_ARCH = YES;
				SDKROOT = iphoneos;
				SWIFT_ACTIVE_COMPILATION_CONDITIONS = "DEBUG $(inherited)";
				SWIFT_OPTIMIZATION_LEVEL = "-Onone";
			};
			name = Debug;
		};
		7A9F79382C6E413E00278356 /* Release */ = {
			isa = XCBuildConfiguration;
			buildSettings = {
				ALWAYS_SEARCH_USER_PATHS = NO;
				ASSETCATALOG_COMPILER_GENERATE_SWIFT_ASSET_SYMBOL_EXTENSIONS = YES;
				CLANG_ANALYZER_NONNULL = YES;
				CLANG_ANALYZER_NUMBER_OBJECT_CONVERSION = YES_AGGRESSIVE;
				CLANG_CXX_LANGUAGE_STANDARD = "gnu++20";
				CLANG_ENABLE_MODULES = YES;
				CLANG_ENABLE_OBJC_ARC = YES;
				CLANG_ENABLE_OBJC_WEAK = YES;
				CLANG_WARN_BLOCK_CAPTURE_AUTORELEASING = YES;
				CLANG_WARN_BOOL_CONVERSION = YES;
				CLANG_WARN_COMMA = YES;
				CLANG_WARN_CONSTANT_CONVERSION = YES;
				CLANG_WARN_DEPRECATED_OBJC_IMPLEMENTATIONS = YES;
				CLANG_WARN_DIRECT_OBJC_ISA_USAGE = YES_ERROR;
				CLANG_WARN_DOCUMENTATION_COMMENTS = YES;
				CLANG_WARN_EMPTY_BODY = YES;
				CLANG_WARN_ENUM_CONVERSION = YES;
				CLANG_WARN_INFINITE_RECURSION = YES;
				CLANG_WARN_INT_CONVERSION = YES;
				CLANG_WARN_NON_LITERAL_NULL_CONVERSION = YES;
				CLANG_WARN_OBJC_IMPLICIT_RETAIN_SELF = YES;
				CLANG_WARN_OBJC_LITERAL_CONVERSION = YES;
				CLANG_WARN_OBJC_ROOT_CLASS = YES_ERROR;
				CLANG_WARN_QUOTED_INCLUDE_IN_FRAMEWORK_HEADER = YES;
				CLANG_WARN_RANGE_LOOP_ANALYSIS = YES;
				CLANG_WARN_STRICT_PROTOTYPES = YES;
				CLANG_WARN_SUSPICIOUS_MOVE = YES;
				CLANG_WARN_UNGUARDED_AVAILABILITY = YES_AGGRESSIVE;
				CLANG_WARN_UNREACHABLE_CODE = YES;
				CLANG_WARN__DUPLICATE_METHOD_MATCH = YES;
				COPY_PHASE_STRIP = NO;
				DEBUG_INFORMATION_FORMAT = "dwarf-with-dsym";
				ENABLE_NS_ASSERTIONS = NO;
				ENABLE_STRICT_OBJC_MSGSEND = YES;
				ENABLE_USER_SCRIPT_SANDBOXING = NO;
				GCC_C_LANGUAGE_STANDARD = gnu17;
				GCC_NO_COMMON_BLOCKS = YES;
				GCC_WARN_64_TO_32_BIT_CONVERSION = YES;
				GCC_WARN_ABOUT_RETURN_TYPE = YES_ERROR;
				GCC_WARN_UNDECLARED_SELECTOR = YES;
				GCC_WARN_UNINITIALIZED_AUTOS = YES_AGGRESSIVE;
				GCC_WARN_UNUSED_FUNCTION = YES;
				GCC_WARN_UNUSED_VARIABLE = YES;
				IPHONEOS_DEPLOYMENT_TARGET = 17.0;
				LOCALIZATION_PREFERS_STRING_CATALOGS = YES;
				MTL_ENABLE_DEBUG_INFO = NO;
				MTL_FAST_MATH = YES;
				SDKROOT = iphoneos;
				SWIFT_COMPILATION_MODE = wholemodule;
				VALIDATE_PRODUCT = YES;
			};
			name = Release;
		};
		7A9F793A2C6E413E00278356 /* Debug */ = {
			isa = XCBuildConfiguration;
			baseConfigurationReference = 5E551FAF3410B66EF7EFC391 /* Pods-BRCBoxInputView_SwiftUI.debug.xcconfig */;
			buildSettings = {
				ASSETCATALOG_COMPILER_APPICON_NAME = AppIcon;
				ASSETCATALOG_COMPILER_GLOBAL_ACCENT_COLOR_NAME = AccentColor;
				CODE_SIGN_STYLE = Automatic;
				CURRENT_PROJECT_VERSION = 1;
				DEVELOPMENT_ASSET_PATHS = "\"BRCBoxInputView_SwiftUI/Preview Content\"";
				DEVELOPMENT_TEAM = JACGLW92PL;
				ENABLE_PREVIEWS = YES;
				GENERATE_INFOPLIST_FILE = YES;
				INFOPLIST_KEY_UIApplicationSceneManifest_Generation = YES;
				INFOPLIST_KEY_UIApplicationSupportsIndirectInputEvents = YES;
				INFOPLIST_KEY_UILaunchScreen_Generation = YES;
				INFOPLIST_KEY_UISupportedInterfaceOrientations_iPad = "UIInterfaceOrientationPortrait UIInterfaceOrientationPortraitUpsideDown UIInterfaceOrientationLandscapeLeft UIInterfaceOrientationLandscapeRight";
				INFOPLIST_KEY_UISupportedInterfaceOrientations_iPhone = "UIInterfaceOrientationPortrait UIInterfaceOrientationLandscapeLeft UIInterfaceOrientationLandscapeRight";
				IPHONEOS_DEPLOYMENT_TARGET = 15.0;
				LD_RUNPATH_SEARCH_PATHS = (
					"$(inherited)",
					"@executable_path/Frameworks",
				);
				MARKETING_VERSION = 1.0;
				PRODUCT_BUNDLE_IDENTIFIER = "jaychou.BRCBoxInputView-SwiftUI";
				PRODUCT_NAME = "$(TARGET_NAME)";
				SWIFT_EMIT_LOC_STRINGS = YES;
				SWIFT_VERSION = 5.0;
				TARGETED_DEVICE_FAMILY = "1,2";
			};
			name = Debug;
		};
		7A9F793B2C6E413E00278356 /* Release */ = {
			isa = XCBuildConfiguration;
			baseConfigurationReference = A0A61A4573D48CB928F09ADA /* Pods-BRCBoxInputView_SwiftUI.release.xcconfig */;
			buildSettings = {
				ASSETCATALOG_COMPILER_APPICON_NAME = AppIcon;
				ASSETCATALOG_COMPILER_GLOBAL_ACCENT_COLOR_NAME = AccentColor;
				CODE_SIGN_STYLE = Automatic;
				CURRENT_PROJECT_VERSION = 1;
				DEVELOPMENT_ASSET_PATHS = "\"BRCBoxInputView_SwiftUI/Preview Content\"";
				DEVELOPMENT_TEAM = JACGLW92PL;
				ENABLE_PREVIEWS = YES;
				GENERATE_INFOPLIST_FILE = YES;
				INFOPLIST_KEY_UIApplicationSceneManifest_Generation = YES;
				INFOPLIST_KEY_UIApplicationSupportsIndirectInputEvents = YES;
				INFOPLIST_KEY_UILaunchScreen_Generation = YES;
				INFOPLIST_KEY_UISupportedInterfaceOrientations_iPad = "UIInterfaceOrientationPortrait UIInterfaceOrientationPortraitUpsideDown UIInterfaceOrientationLandscapeLeft UIInterfaceOrientationLandscapeRight";
				INFOPLIST_KEY_UISupportedInterfaceOrientations_iPhone = "UIInterfaceOrientationPortrait UIInterfaceOrientationLandscapeLeft UIInterfaceOrientationLandscapeRight";
				IPHONEOS_DEPLOYMENT_TARGET = 15.0;
				LD_RUNPATH_SEARCH_PATHS = (
					"$(inherited)",
					"@executable_path/Frameworks",
				);
				MARKETING_VERSION = 1.0;
				PRODUCT_BUNDLE_IDENTIFIER = "jaychou.BRCBoxInputView-SwiftUI";
				PRODUCT_NAME = "$(TARGET_NAME)";
				SWIFT_EMIT_LOC_STRINGS = YES;
				SWIFT_VERSION = 5.0;
				TARGETED_DEVICE_FAMILY = "1,2";
			};
			name = Release;
		};
/* End XCBuildConfiguration section */

/* Begin XCConfigurationList section */
		7A9F79262C6E413C00278356 /* Build configuration list for PBXProject "BRCBoxInputView_SwiftUI" */ = {
			isa = XCConfigurationList;
			buildConfigurations = (
				7A9F79372C6E413E00278356 /* Debug */,
				7A9F79382C6E413E00278356 /* Release */,
			);
			defaultConfigurationIsVisible = 0;
			defaultConfigurationName = Release;
		};
		7A9F79392C6E413E00278356 /* Build configuration list for PBXNativeTarget "BRCBoxInputView_SwiftUI" */ = {
			isa = XCConfigurationList;
			buildConfigurations = (
				7A9F793A2C6E413E00278356 /* Debug */,
				7A9F793B2C6E413E00278356 /* Release */,
			);
			defaultConfigurationIsVisible = 0;
			defaultConfigurationName = Release;
		};
/* End XCConfigurationList section */
	};
	rootObject = 7A9F79232C6E413C00278356 /* Project object */;
}
